
Microsoft Visual Studio Solution File, Format Version 12.00
# Visual Studio Version 17
VisualStudioVersion = 17.13.35806.99 d17.13
MinimumVisualStudioVersion = 10.0.40219.1
Project("{FAE04EC0-301F-11D3-BF4B-00C04F79EFBC}") = "Practical_14", "Practical_14\Practical_14.csproj", "{E18431D1-E55A-4C61-B6A6-751CA3D519BC}"
EndProject
Global
	GlobalSection(SolutionConfigurationPlatforms) = preSolution
		Debug|Any CPU = Debug|Any CPU
		Release|Any CPU = Release|Any CPU
	EndGlobalSection
	GlobalSection(ProjectConfigurationPlatforms) = postSolution
		{E18431D1-E55A-4C61-B6A6-751CA3D519BC}.Debug|Any CPU.ActiveCfg = Debug|Any CPU
		{E18431D1-E55A-4C61-B6A6-751CA3D519BC}.Debug|Any CPU.Build.0 = Debug|Any CPU
		{E18431D1-E55A-4C61-B6A6-751CA3D519BC}.Release|Any CPU.ActiveCfg = Release|Any CPU
		{E18431D1-E55A-4C61-B6A6-751CA3D519BC}.Release|Any CPU.Build.0 = Release|Any CPU
	EndGlobalSection
	GlobalSection(SolutionProperties) = preSolution
		HideSolutionNode = FALSE
	EndGlobalSection
	GlobalSection(ExtensibilityGlobals) = postSolution
		SolutionGuid = {143FC392-32E0-42B9-B522-BE40EE472F6A}
	EndGlobalSection
EndGlobal
